
Microsoft Visual Studio Solution File, Format Version 12.00
# Visual Studio Version 17
VisualStudioVersion = 17.0.32112.339
MinimumVisualStudioVersion = 10.0.40219.1
Project("{FAE04EC0-301F-11D3-BF4B-00C04F79EFBC}") = "GEC_WEB_API", "GEC_WEB_API\GEC_WEB_API.csproj", "{FC26946F-C1B0-4A06-8E6F-DA5C343E6793}"
EndProject
Global
	GlobalSection(SolutionConfigurationPlatforms) = preSolution
		Debug|Any CPU = Debug|Any CPU
		Release|Any CPU = Release|Any CPU
	EndGlobalSection
	GlobalSection(ProjectConfigurationPlatforms) = postSolution
		{FC26946F-C1B0-4A06-8E6F-DA5C343E6793}.Debug|Any CPU.ActiveCfg = Debug|Any CPU
		{FC26946F-C1B0-4A06-8E6F-DA5C343E6793}.Debug|Any CPU.Build.0 = Debug|Any CPU
		{FC26946F-C1B0-4A06-8E6F-DA5C343E6793}.Release|Any CPU.ActiveCfg = Release|Any CPU
		{FC26946F-C1B0-4A06-8E6F-DA5C343E6793}.Release|Any CPU.Build.0 = Release|Any CPU
	EndGlobalSection
	GlobalSection(SolutionProperties) = preSolution
		HideSolutionNode = FALSE
	EndGlobalSection
	GlobalSection(ExtensibilityGlobals) = postSolution
		SolutionGuid = {6EE52037-429B-4024-8E7A-0B4B97566655}
	EndGlobalSection
EndGlobal
